
Microsoft Visual Studio Solution File, Format Version 12.00
# Visual Studio Version 17
VisualStudioVersion = 17.8.34408.163
MinimumVisualStudioVersion = 10.0.40219.1
Project("{FAE04EC0-301F-11D3-BF4B-00C04F79EFBC}") = "question 05", "question 05\question 05.csproj", "{5CA26656-3885-4FAD-BF8E-62126A3CFE4C}"
EndProject
Global
	GlobalSection(SolutionConfigurationPlatforms) = preSolution
		Debug|Any CPU = Debug|Any CPU
		Release|Any CPU = Release|Any CPU
	EndGlobalSection
	GlobalSection(ProjectConfigurationPlatforms) = postSolution
		{5CA26656-3885-4FAD-BF8E-62126A3CFE4C}.Debug|Any CPU.ActiveCfg = Debug|Any CPU
		{5CA26656-3885-4FAD-BF8E-62126A3CFE4C}.Debug|Any CPU.Build.0 = Debug|Any CPU
		{5CA26656-3885-4FAD-BF8E-62126A3CFE4C}.Release|Any CPU.ActiveCfg = Release|Any CPU
		{5CA26656-3885-4FAD-BF8E-62126A3CFE4C}.Release|Any CPU.Build.0 = Release|Any CPU
	EndGlobalSection
	GlobalSection(SolutionProperties) = preSolution
		HideSolutionNode = FALSE
	EndGlobalSection
	GlobalSection(ExtensibilityGlobals) = postSolution
		SolutionGuid = {1BDF9FD9-A7C6-4542-93B3-BA9494C76A3B}
	EndGlobalSection
EndGlobal
